
Microsoft Visual Studio Solution File, Format Version 12.00
# Visual Studio Version 17
VisualStudioVersion = 17.14.36518.9
MinimumVisualStudioVersion = 10.0.40219.1
Project("{2150E333-8FDC-42A3-9474-1A3956D46DE8}") = "Task0", "Task0", "{02EA681E-C7D8-13C7-8484-4AC65E1B71E8}"
EndProject
Project("{FAE04EC0-301F-11D3-BF4B-00C04F79EFBC}") = "Tyuiu.TomilovAD.Sprint1.Task0.V30.Lib", "Tyuiu.TomilovAD.Sprint1.Task0.V30.Lib\Tyuiu.TomilovAD.Sprint1.Task0.V30.Lib.csproj", "{C2D29CDB-2A81-48A5-A1A3-BF2FCD09F95B}"
EndProject
Project("{FAE04EC0-301F-11D3-BF4B-00C04F79EFBC}") = "Tyuiu.TomilovAD.Sprint1.Task0.V30.Test", "Tyuiu.TomilovAD.Sprint1.Task0.V30.Test\Tyuiu.TomilovAD.Sprint1.Task0.V30.Test.csproj", "{98EBD74A-78CD-4AE9-8B04-255DE3B353A4}"
EndProject
Project("{FAE04EC0-301F-11D3-BF4B-00C04F79EFBC}") = "Tyuiu.TomilovAD.Sprint1.Task0.V30", "Tyuiu.TomilovAD.Sprint1.Task0.V30\Tyuiu.TomilovAD.Sprint1.Task0.V30.csproj", "{CFBFC375-766E-4573-97F2-2BDF6D24BB03}"
EndProject
Project("{2150E333-8FDC-42A3-9474-1A3956D46DE8}") = "Task1", "Task1", "{1AF68253-1AB3-409F-BD4D-1E99245F7D3B}"
EndProject
Project("{FAE04EC0-301F-11D3-BF4B-00C04F79EFBC}") = "Tyuiu.TomilovAD.Sprint1.Task1.V2", "Tyuiu.TomilovAD.Sprint1.Task1.V2\Tyuiu.TomilovAD.Sprint1.Task1.V2.csproj", "{A6BB2FBF-AD58-4C0F-A5F9-24CFE3BE818D}"
EndProject
Project("{FAE04EC0-301F-11D3-BF4B-00C04F79EFBC}") = "Tyuiu.TomilovAD.Sprint1.Task1.V2.Test", "Tyuiu.TomilovAD.Sprint1.Task1.V2.Test\Tyuiu.TomilovAD.Sprint1.Task1.V2.Test.csproj", "{036EA74D-E06B-4D9C-8F90-AC67066C3AED}"
EndProject
Project("{FAE04EC0-301F-11D3-BF4B-00C04F79EFBC}") = "Tyuiu.TomilovAD.Sprint1.Task1.V2.Lib", "Tyuiu.TomilovAD.Sprint1.Task1.V2.Lib\Tyuiu.TomilovAD.Sprint1.Task1.V2.Lib.csproj", "{097D0C81-9B0A-4855-B51A-A4033A597A5B}"
EndProject
Project("{2150E333-8FDC-42A3-9474-1A3956D46DE8}") = "Task2", "Task2", "{94BC1B64-FF0C-4552-BE67-786537E490F0}"
EndProject
Project("{FAE04EC0-301F-11D3-BF4B-00C04F79EFBC}") = "Tyuiu.TomilovAD.Sprint1.Task2.V25", "Tyuiu.TomilovAD.Sprint1.Task2.V25\Tyuiu.TomilovAD.Sprint1.Task2.V25.csproj", "{C62E22B2-6352-4DD2-AE88-38AD6EA2DA0B}"
EndProject
Project("{FAE04EC0-301F-11D3-BF4B-00C04F79EFBC}") = "Tyuiu.TomilovAD.Sprint1.Task2.V25.Lib", "Tyuiu.TomilovAD.Sprint1.Task2.V25.Lib\Tyuiu.TomilovAD.Sprint1.Task2.V25.Lib.csproj", "{27F38A61-9933-4855-A4DC-6D766939D679}"
EndProject
Project("{FAE04EC0-301F-11D3-BF4B-00C04F79EFBC}") = "Tyuiu.TomilovAD.Sprint1.Task2.V25.Test", "Tyuiu.TomilovAD.Sprint1.Task2.V25.Test\Tyuiu.TomilovAD.Sprint1.Task2.V25.Test.csproj", "{406BCEE3-1002-4A85-A028-A10D1C4FA94F}"
EndProject
Project("{2150E333-8FDC-42A3-9474-1A3956D46DE8}") = "Task3", "Task3", "{C13C27F5-8669-4D10-AFEA-124780177C4F}"
EndProject
Project("{2150E333-8FDC-42A3-9474-1A3956D46DE8}") = "Task4", "Task4", "{9514F164-532C-4B82-9EC9-62FE91F28F7F}"
EndProject
Project("{2150E333-8FDC-42A3-9474-1A3956D46DE8}") = "Task5", "Task5", "{326B97BB-670E-42F1-853E-113E40E695A3}"
EndProject
Project("{2150E333-8FDC-42A3-9474-1A3956D46DE8}") = "Task6", "Task6", "{08DEC7C8-0EC2-43AC-A864-34DC7D9CA455}"
EndProject
Project("{2150E333-8FDC-42A3-9474-1A3956D46DE8}") = "Task7", "Task7", "{2920D10F-180D-434F-91DA-341F507B2FB6}"
EndProject
Project("{FAE04EC0-301F-11D3-BF4B-00C04F79EFBC}") = "Tyuiu.TomilovAD.Sprint1.Task3.V14", "Tyuiu.TomilovAD.Sprint1.Task3.V14\Tyuiu.TomilovAD.Sprint1.Task3.V14.csproj", "{12682F78-E119-4DE9-B280-D7D05B4F6243}"
EndProject
Project("{FAE04EC0-301F-11D3-BF4B-00C04F79EFBC}") = "Tyuiu.TomilovAD.Sprint1.Task3.V14.Test", "Tyuiu.TomilovAD.Sprint1.Task3.V14.Test\Tyuiu.TomilovAD.Sprint1.Task3.V14.Test.csproj", "{11DE0F40-DE44-41CA-89C8-F23E75F0104C}"
EndProject
Project("{FAE04EC0-301F-11D3-BF4B-00C04F79EFBC}") = "Tyuiu.TomilovAD.Sprint1.Task3.V14.Lib", "Tyuiu.TomilovAD.Sprint1.Task3.V14.Lib\Tyuiu.TomilovAD.Sprint1.Task3.V14.Lib.csproj", "{08AFCD76-C986-453C-9812-9228648F9F47}"
EndProject
Project("{FAE04EC0-301F-11D3-BF4B-00C04F79EFBC}") = "Tyuiu.TomilovAD.Sprint1.Task4.V1", "Tyuiu.TomilovAD.Sprint1.Task4.V1\Tyuiu.TomilovAD.Sprint1.Task4.V1.csproj", "{2A7C65BF-3126-4355-A582-1D319F516718}"
EndProject
Project("{FAE04EC0-301F-11D3-BF4B-00C04F79EFBC}") = "Tyuiu.TomilovAD.Sprint1.Task4.V1.lib", "Tyuiu.TomilovAD.Sprint1.Task4.V1.lib\Tyuiu.TomilovAD.Sprint1.Task4.V1.lib.csproj", "{FC101A24-A52C-4671-8B65-1B6459D9AA3F}"
EndProject
Project("{FAE04EC0-301F-11D3-BF4B-00C04F79EFBC}") = "Tyuiu.TomilovAD.Sprint1.Task4.V1.Test", "Tyuiu.TomilovAD.Sprint1.Task4.V1.Test\Tyuiu.TomilovAD.Sprint1.Task4.V1.Test.csproj", "{806EBFB0-3F3B-4BC5-BE35-9474F819B71C}"
EndProject
Global
	GlobalSection(SolutionConfigurationPlatforms) = preSolution
		Debug|Any CPU = Debug|Any CPU
		Release|Any CPU = Release|Any CPU
	EndGlobalSection
	GlobalSection(ProjectConfigurationPlatforms) = postSolution
		{C2D29CDB-2A81-48A5-A1A3-BF2FCD09F95B}.Debug|Any CPU.ActiveCfg = Debug|Any CPU
		{C2D29CDB-2A81-48A5-A1A3-BF2FCD09F95B}.Debug|Any CPU.Build.0 = Debug|Any CPU
		{C2D29CDB-2A81-48A5-A1A3-BF2FCD09F95B}.Release|Any CPU.ActiveCfg = Release|Any CPU
		{C2D29CDB-2A81-48A5-A1A3-BF2FCD09F95B}.Release|Any CPU.Build.0 = Release|Any CPU
		{98EBD74A-78CD-4AE9-8B04-255DE3B353A4}.Debug|Any CPU.ActiveCfg = Debug|Any CPU
		{98EBD74A-78CD-4AE9-8B04-255DE3B353A4}.Debug|Any CPU.Build.0 = Debug|Any CPU
		{98EBD74A-78CD-4AE9-8B04-255DE3B353A4}.Release|Any CPU.ActiveCfg = Release|Any CPU
		{98EBD74A-78CD-4AE9-8B04-255DE3B353A4}.Release|Any CPU.Build.0 = Release|Any CPU
		{CFBFC375-766E-4573-97F2-2BDF6D24BB03}.Debug|Any CPU.ActiveCfg = Debug|Any CPU
		{CFBFC375-766E-4573-97F2-2BDF6D24BB03}.Debug|Any CPU.Build.0 = Debug|Any CPU
		{CFBFC375-766E-4573-97F2-2BDF6D24BB03}.Release|Any CPU.ActiveCfg = Release|Any CPU
		{CFBFC375-766E-4573-97F2-2BDF6D24BB03}.Release|Any CPU.Build.0 = Release|Any CPU
		{A6BB2FBF-AD58-4C0F-A5F9-24CFE3BE818D}.Debug|Any CPU.ActiveCfg = Debug|Any CPU
		{A6BB2FBF-AD58-4C0F-A5F9-24CFE3BE818D}.Debug|Any CPU.Build.0 = Debug|Any CPU
		{A6BB2FBF-AD58-4C0F-A5F9-24CFE3BE818D}.Release|Any CPU.ActiveCfg = Release|Any CPU
		{A6BB2FBF-AD58-4C0F-A5F9-24CFE3BE818D}.Release|Any CPU.Build.0 = Release|Any CPU
		{036EA74D-E06B-4D9C-8F90-AC67066C3AED}.Debug|Any CPU.ActiveCfg = Debug|Any CPU
		{036EA74D-E06B-4D9C-8F90-AC67066C3AED}.Debug|Any CPU.Build.0 = Debug|Any CPU
		{036EA74D-E06B-4D9C-8F90-AC67066C3AED}.Release|Any CPU.ActiveCfg = Release|Any CPU
		{036EA74D-E06B-4D9C-8F90-AC67066C3AED}.Release|Any CPU.Build.0 = Release|Any CPU
		{097D0C81-9B0A-4855-B51A-A4033A597A5B}.Debug|Any CPU.ActiveCfg = Debug|Any CPU
		{097D0C81-9B0A-4855-B51A-A4033A597A5B}.Debug|Any CPU.Build.0 = Debug|Any CPU
		{097D0C81-9B0A-4855-B51A-A4033A597A5B}.Release|Any CPU.ActiveCfg = Release|Any CPU
		{097D0C81-9B0A-4855-B51A-A4033A597A5B}.Release|Any CPU.Build.0 = Release|Any CPU
		{C62E22B2-6352-4DD2-AE88-38AD6EA2DA0B}.Debug|Any CPU.ActiveCfg = Debug|Any CPU
		{C62E22B2-6352-4DD2-AE88-38AD6EA2DA0B}.Debug|Any CPU.Build.0 = Debug|Any CPU
		{C62E22B2-6352-4DD2-AE88-38AD6EA2DA0B}.Release|Any CPU.ActiveCfg = Release|Any CPU
		{C62E22B2-6352-4DD2-AE88-38AD6EA2DA0B}.Release|Any CPU.Build.0 = Release|Any CPU
		{27F38A61-9933-4855-A4DC-6D766939D679}.Debug|Any CPU.ActiveCfg = Debug|Any CPU
		{27F38A61-9933-4855-A4DC-6D766939D679}.Debug|Any CPU.Build.0 = Debug|Any CPU
		{27F38A61-9933-4855-A4DC-6D766939D679}.Release|Any CPU.ActiveCfg = Release|Any CPU
		{27F38A61-9933-4855-A4DC-6D766939D679}.Release|Any CPU.Build.0 = Release|Any CPU
		{406BCEE3-1002-4A85-A028-A10D1C4FA94F}.Debug|Any CPU.ActiveCfg = Debug|Any CPU
		{406BCEE3-1002-4A85-A028-A10D1C4FA94F}.Debug|Any CPU.Build.0 = Debug|Any CPU
		{406BCEE3-1002-4A85-A028-A10D1C4FA94F}.Release|Any CPU.ActiveCfg = Release|Any CPU
		{406BCEE3-1002-4A85-A028-A10D1C4FA94F}.Release|Any CPU.Build.0 = Release|Any CPU
		{12682F78-E119-4DE9-B280-D7D05B4F6243}.Debug|Any CPU.ActiveCfg = Debug|Any CPU
		{12682F78-E119-4DE9-B280-D7D05B4F6243}.Debug|Any CPU.Build.0 = Debug|Any CPU
		{12682F78-E119-4DE9-B280-D7D05B4F6243}.Release|Any CPU.ActiveCfg = Release|Any CPU
		{12682F78-E119-4DE9-B280-D7D05B4F6243}.Release|Any CPU.Build.0 = Release|Any CPU
		{11DE0F40-DE44-41CA-89C8-F23E75F0104C}.Debug|Any CPU.ActiveCfg = Debug|Any CPU
		{11DE0F40-DE44-41CA-89C8-F23E75F0104C}.Debug|Any CPU.Build.0 = Debug|Any CPU
		{11DE0F40-DE44-41CA-89C8-F23E75F0104C}.Release|Any CPU.ActiveCfg = Release|Any CPU
		{11DE0F40-DE44-41CA-89C8-F23E75F0104C}.Release|Any CPU.Build.0 = Release|Any CPU
		{08AFCD76-C986-453C-9812-9228648F9F47}.Debug|Any CPU.ActiveCfg = Debug|Any CPU
		{08AFCD76-C986-453C-9812-9228648F9F47}.Debug|Any CPU.Build.0 = Debug|Any CPU
		{08AFCD76-C986-453C-9812-9228648F9F47}.Release|Any CPU.ActiveCfg = Release|Any CPU
		{08AFCD76-C986-453C-9812-9228648F9F47}.Release|Any CPU.Build.0 = Release|Any CPU
		{2A7C65BF-3126-4355-A582-1D319F516718}.Debug|Any CPU.ActiveCfg = Debug|Any CPU
		{2A7C65BF-3126-4355-A582-1D319F516718}.Debug|Any CPU.Build.0 = Debug|Any CPU
		{2A7C65BF-3126-4355-A582-1D319F516718}.Release|Any CPU.ActiveCfg = Release|Any CPU
		{2A7C65BF-3126-4355-A582-1D319F516718}.Release|Any CPU.Build.0 = Release|Any CPU
		{FC101A24-A52C-4671-8B65-1B6459D9AA3F}.Debug|Any CPU.ActiveCfg = Debug|Any CPU
		{FC101A24-A52C-4671-8B65-1B6459D9AA3F}.Debug|Any CPU.Build.0 = Debug|Any CPU
		{FC101A24-A52C-4671-8B65-1B6459D9AA3F}.Release|Any CPU.ActiveCfg = Release|Any CPU
		{FC101A24-A52C-4671-8B65-1B6459D9AA3F}.Release|Any CPU.Build.0 = Release|Any CPU
		{806EBFB0-3F3B-4BC5-BE35-9474F819B71C}.Debug|Any CPU.ActiveCfg = Debug|Any CPU
		{806EBFB0-3F3B-4BC5-BE35-9474F819B71C}.Debug|Any CPU.Build.0 = Debug|Any CPU
		{806EBFB0-3F3B-4BC5-BE35-9474F819B71C}.Release|Any CPU.ActiveCfg = Release|Any CPU
		{806EBFB0-3F3B-4BC5-BE35-9474F819B71C}.Release|Any CPU.Build.0 = Release|Any CPU
	EndGlobalSection
	GlobalSection(SolutionProperties) = preSolution
		HideSolutionNode = FALSE
	EndGlobalSection
	GlobalSection(NestedProjects) = preSolution
		{C2D29CDB-2A81-48A5-A1A3-BF2FCD09F95B} = {02EA681E-C7D8-13C7-8484-4AC65E1B71E8}
		{98EBD74A-78CD-4AE9-8B04-255DE3B353A4} = {02EA681E-C7D8-13C7-8484-4AC65E1B71E8}
		{CFBFC375-766E-4573-97F2-2BDF6D24BB03} = {02EA681E-C7D8-13C7-8484-4AC65E1B71E8}
		{A6BB2FBF-AD58-4C0F-A5F9-24CFE3BE818D} = {1AF68253-1AB3-409F-BD4D-1E99245F7D3B}
		{036EA74D-E06B-4D9C-8F90-AC67066C3AED} = {1AF68253-1AB3-409F-BD4D-1E99245F7D3B}
		{097D0C81-9B0A-4855-B51A-A4033A597A5B} = {1AF68253-1AB3-409F-BD4D-1E99245F7D3B}
		{C62E22B2-6352-4DD2-AE88-38AD6EA2DA0B} = {94BC1B64-FF0C-4552-BE67-786537E490F0}
		{27F38A61-9933-4855-A4DC-6D766939D679} = {94BC1B64-FF0C-4552-BE67-786537E490F0}
		{406BCEE3-1002-4A85-A028-A10D1C4FA94F} = {94BC1B64-FF0C-4552-BE67-786537E490F0}
		{12682F78-E119-4DE9-B280-D7D05B4F6243} = {C13C27F5-8669-4D10-AFEA-124780177C4F}
		{11DE0F40-DE44-41CA-89C8-F23E75F0104C} = {C13C27F5-8669-4D10-AFEA-124780177C4F}
		{08AFCD76-C986-453C-9812-9228648F9F47} = {C13C27F5-8669-4D10-AFEA-124780177C4F}
		{2A7C65BF-3126-4355-A582-1D319F516718} = {9514F164-532C-4B82-9EC9-62FE91F28F7F}
		{FC101A24-A52C-4671-8B65-1B6459D9AA3F} = {9514F164-532C-4B82-9EC9-62FE91F28F7F}
		{806EBFB0-3F3B-4BC5-BE35-9474F819B71C} = {9514F164-532C-4B82-9EC9-62FE91F28F7F}
	EndGlobalSection
	GlobalSection(ExtensibilityGlobals) = postSolution
		SolutionGuid = {C19ED5F5-0CE6-45D9-A5F2-96C6E869A83A}
	EndGlobalSection
EndGlobal
